// !$*UTF8*$!
{
	archiveVersion = 1;
	classes = {
	};
	objectVersion = 46;
	objects = {

/* Begin PBXBuildFile section */
		8DCDADAA1A0EE04900851A8E /* main.m in Sources */ = {isa = PBXBuildFile; fileRef = 8DCDADA91A0EE04900851A8E /* main.m */; };
		8DCDADAD1A0EE04900851A8E /* AppDelegate.m in Sources */ = {isa = PBXBuildFile; fileRef = 8DCDADAC1A0EE04900851A8E /* AppDelegate.m */; };
		8DCDADB01A0EE04900851A8E /* FavoritesViewController.m in Sources */ = {isa = PBXBuildFile; fileRef = 8DCDADAF1A0EE04900851A8E /* FavoritesViewController.m */; };
		8DCDADB31A0EE04900851A8E /* Main.storyboard in Resources */ = {isa = PBXBuildFile; fileRef = 8DCDADB11A0EE04900851A8E /* Main.storyboard */; };
		8DCDADB81A0EE04900851A8E /* LaunchScreen.xib in Resources */ = {isa = PBXBuildFile; fileRef = 8DCDADB61A0EE04900851A8E /* LaunchScreen.xib */; };
		8DCDADC41A0EE04900851A8E /* PhotoFaveTests.m in Sources */ = {isa = PBXBuildFile; fileRef = 8DCDADC31A0EE04900851A8E /* PhotoFaveTests.m */; };
		8DCDADCF1A0EE2DC00851A8E /* SearchViewController.m in Sources */ = {isa = PBXBuildFile; fileRef = 8DCDADCE1A0EE2DC00851A8E /* SearchViewController.m */; };
		8DCDADD21A0EE5BC00851A8E /* CustomCollectionViewCell.m in Sources */ = {isa = PBXBuildFile; fileRef = 8DCDADD11A0EE5BC00851A8E /* CustomCollectionViewCell.m */; };
		8DCDADD41A0EEDE400851A8E /* Media.xcassets in Resources */ = {isa = PBXBuildFile; fileRef = 8DCDADD31A0EEDE400851A8E /* Media.xcassets */; };
		8DCDADD61A0EF88F00851A8E /* MapKit.framework in Frameworks */ = {isa = PBXBuildFile; fileRef = 8DCDADD51A0EF88F00851A8E /* MapKit.framework */; };
		8DCFD8491A0F08D100D60CED /* InstagramObject.m in Sources */ = {isa = PBXBuildFile; fileRef = 8DCFD8481A0F08D100D60CED /* InstagramObject.m */; };
		8DCFD84C1A0F095100D60CED /* CoreLocation.framework in Frameworks */ = {isa = PBXBuildFile; fileRef = 8DCFD84B1A0F095100D60CED /* CoreLocation.framework */; };
		8DCFD84F1A104C0F00D60CED /* UserTableViewController.m in Sources */ = {isa = PBXBuildFile; fileRef = 8DCFD84E1A104C0F00D60CED /* UserTableViewController.m */; };
/* End PBXBuildFile section */

/* Begin PBXContainerItemProxy section */
		8DCDADBE1A0EE04900851A8E /* PBXContainerItemProxy */ = {
			isa = PBXContainerItemProxy;
			containerPortal = 8DCDAD9C1A0EE04900851A8E /* Project object */;
			proxyType = 1;
			remoteGlobalIDString = 8DCDADA31A0EE04900851A8E;
			remoteInfo = InstaFave;
		};
/* End PBXContainerItemProxy section */

/* Begin PBXFileReference section */
		8DCDADA41A0EE04900851A8E /* PhotoFave.app */ = {isa = PBXFileReference; explicitFileType = wrapper.application; includeInIndex = 0; path = PhotoFave.app; sourceTree = BUILT_PRODUCTS_DIR; };
		8DCDADA81A0EE04900851A8E /* Info.plist */ = {isa = PBXFileReference; lastKnownFileType = text.plist.xml; path = Info.plist; sourceTree = "<group>"; };
		8DCDADA91A0EE04900851A8E /* main.m */ = {isa = PBXFileReference; lastKnownFileType = sourcecode.c.objc; path = main.m; sourceTree = "<group>"; };
		8DCDADAB1A0EE04900851A8E /* AppDelegate.h */ = {isa = PBXFileReference; lastKnownFileType = sourcecode.c.h; path = AppDelegate.h; sourceTree = "<group>"; };
		8DCDADAC1A0EE04900851A8E /* AppDelegate.m */ = {isa = PBXFileReference; lastKnownFileType = sourcecode.c.objc; path = AppDelegate.m; sourceTree = "<group>"; };
		8DCDADAE1A0EE04900851A8E /* FavoritesViewController.h */ = {isa = PBXFileReference; lastKnownFileType = sourcecode.c.h; path = FavoritesViewController.h; sourceTree = "<group>"; };
		8DCDADAF1A0EE04900851A8E /* FavoritesViewController.m */ = {isa = PBXFileReference; lastKnownFileType = sourcecode.c.objc; path = FavoritesViewController.m; sourceTree = "<group>"; };
		8DCDADB21A0EE04900851A8E /* Base */ = {isa = PBXFileReference; lastKnownFileType = file.storyboard; name = Base; path = Base.lproj/Main.storyboard; sourceTree = "<group>"; };
		8DCDADB71A0EE04900851A8E /* Base */ = {isa = PBXFileReference; lastKnownFileType = file.xib; name = Base; path = Base.lproj/LaunchScreen.xib; sourceTree = "<group>"; };
		8DCDADBD1A0EE04900851A8E /* PhotoFaveTests.xctest */ = {isa = PBXFileReference; explicitFileType = wrapper.cfbundle; includeInIndex = 0; path = PhotoFaveTests.xctest; sourceTree = BUILT_PRODUCTS_DIR; };
		8DCDADC21A0EE04900851A8E /* Info.plist */ = {isa = PBXFileReference; lastKnownFileType = text.plist.xml; path = Info.plist; sourceTree = "<group>"; };
		8DCDADC31A0EE04900851A8E /* PhotoFaveTests.m */ = {isa = PBXFileReference; lastKnownFileType = sourcecode.c.objc; path = PhotoFaveTests.m; sourceTree = "<group>"; };
		8DCDADCD1A0EE2DC00851A8E /* SearchViewController.h */ = {isa = PBXFileReference; fileEncoding = 4; lastKnownFileType = sourcecode.c.h; path = SearchViewController.h; sourceTree = "<group>"; };
		8DCDADCE1A0EE2DC00851A8E /* SearchViewController.m */ = {isa = PBXFileReference; fileEncoding = 4; lastKnownFileType = sourcecode.c.objc; path = SearchViewController.m; sourceTree = "<group>"; };
		8DCDADD01A0EE5BC00851A8E /* CustomCollectionViewCell.h */ = {isa = PBXFileReference; fileEncoding = 4; lastKnownFileType = sourcecode.c.h; path = CustomCollectionViewCell.h; sourceTree = "<group>"; };
		8DCDADD11A0EE5BC00851A8E /* CustomCollectionViewCell.m */ = {isa = PBXFileReference; fileEncoding = 4; lastKnownFileType = sourcecode.c.objc; path = CustomCollectionViewCell.m; sourceTree = "<group>"; };
		8DCDADD31A0EEDE400851A8E /* Media.xcassets */ = {isa = PBXFileReference; lastKnownFileType = folder.assetcatalog; name = Media.xcassets; path = ../Media.xcassets; sourceTree = "<group>"; };
		8DCDADD51A0EF88F00851A8E /* MapKit.framework */ = {isa = PBXFileReference; lastKnownFileType = wrapper.framework; name = MapKit.framework; path = System/Library/Frameworks/MapKit.framework; sourceTree = SDKROOT; };
		8DCFD8471A0F08D100D60CED /* InstagramObject.h */ = {isa = PBXFileReference; fileEncoding = 4; lastKnownFileType = sourcecode.c.h; path = InstagramObject.h; sourceTree = "<group>"; };
		8DCFD8481A0F08D100D60CED /* InstagramObject.m */ = {isa = PBXFileReference; fileEncoding = 4; lastKnownFileType = sourcecode.c.objc; path = InstagramObject.m; sourceTree = "<group>"; };
		8DCFD84B1A0F095100D60CED /* CoreLocation.framework */ = {isa = PBXFileReference; lastKnownFileType = wrapper.framework; name = CoreLocation.framework; path = System/Library/Frameworks/CoreLocation.framework; sourceTree = SDKROOT; };
		8DCFD84D1A104C0F00D60CED /* UserTableViewController.h */ = {isa = PBXFileReference; fileEncoding = 4; lastKnownFileType = sourcecode.c.h; name = UserTableViewController.h; path = ../UserTableViewController.h; sourceTree = "<group>"; };
		8DCFD84E1A104C0F00D60CED /* UserTableViewController.m */ = {isa = PBXFileReference; fileEncoding = 4; lastKnownFileType = sourcecode.c.objc; name = UserTableViewController.m; path = ../UserTableViewController.m; sourceTree = "<group>"; };
/* End PBXFileReference section */

/* Begin PBXFrameworksBuildPhase section */
		8DCDADA11A0EE04900851A8E /* Frameworks */ = {
			isa = PBXFrameworksBuildPhase;
			buildActionMask = 2147483647;
			files = (
				8DCFD84C1A0F095100D60CED /* CoreLocation.framework in Frameworks */,
				8DCDADD61A0EF88F00851A8E /* MapKit.framework in Frameworks */,
			);
			runOnlyForDeploymentPostprocessing = 0;
		};
		8DCDADBA1A0EE04900851A8E /* Frameworks */ = {
			isa = PBXFrameworksBuildPhase;
			buildActionMask = 2147483647;
			files = (
			);
			runOnlyForDeploymentPostprocessing = 0;
		};
/* End PBXFrameworksBuildPhase section */

/* Begin PBXGroup section */
		8DCDAD9B1A0EE04900851A8E = {
			isa = PBXGroup;
			children = (
				8DCFD84B1A0F095100D60CED /* CoreLocation.framework */,
				8DCDADB11A0EE04900851A8E /* Main.storyboard */,
				8DCDADA61A0EE04900851A8E /* PhotoFave */,
				8DCDADC01A0EE04900851A8E /* PhotoFaveTests */,
				8DCDADA51A0EE04900851A8E /* Products */,
				8DCDADD51A0EF88F00851A8E /* MapKit.framework */,
			);
			sourceTree = "<group>";
		};
		8DCDADA51A0EE04900851A8E /* Products */ = {
			isa = PBXGroup;
			children = (
				8DCDADA41A0EE04900851A8E /* PhotoFave.app */,
				8DCDADBD1A0EE04900851A8E /* PhotoFaveTests.xctest */,
			);
			name = Products;
			sourceTree = "<group>";
		};
		8DCDADA61A0EE04900851A8E /* PhotoFave */ = {
			isa = PBXGroup;
			children = (
				8DCDADAB1A0EE04900851A8E /* AppDelegate.h */,
				8DCDADAC1A0EE04900851A8E /* AppDelegate.m */,
				8DCDADAE1A0EE04900851A8E /* FavoritesViewController.h */,
				8DCDADAF1A0EE04900851A8E /* FavoritesViewController.m */,
				8DCDADCD1A0EE2DC00851A8E /* SearchViewController.h */,
				8DCDADCE1A0EE2DC00851A8E /* SearchViewController.m */,
				8DCFD84D1A104C0F00D60CED /* UserTableViewController.h */,
				8DCFD84E1A104C0F00D60CED /* UserTableViewController.m */,
				8DCDADD01A0EE5BC00851A8E /* CustomCollectionViewCell.h */,
				8DCDADD11A0EE5BC00851A8E /* CustomCollectionViewCell.m */,
				8DCFD84A1A0F08D500D60CED /* Model */,
				8DCDADB61A0EE04900851A8E /* LaunchScreen.xib */,
				8DCDADA71A0EE04900851A8E /* Supporting Files */,
				8DCDADD31A0EEDE400851A8E /* Media.xcassets */,
			);
			name = PhotoFave;
			path = InstaFave;
			sourceTree = "<group>";
		};
		8DCDADA71A0EE04900851A8E /* Supporting Files */ = {
			isa = PBXGroup;
			children = (
				8DCDADA81A0EE04900851A8E /* Info.plist */,
				8DCDADA91A0EE04900851A8E /* main.m */,
			);
			name = "Supporting Files";
			sourceTree = "<group>";
		};
		8DCDADC01A0EE04900851A8E /* PhotoFaveTests */ = {
			isa = PBXGroup;
			children = (
				8DCDADC31A0EE04900851A8E /* PhotoFaveTests.m */,
				8DCDADC11A0EE04900851A8E /* Supporting Files */,
			);
			name = PhotoFaveTests;
			path = InstaFaveTests;
			sourceTree = "<group>";
		};
		8DCDADC11A0EE04900851A8E /* Supporting Files */ = {
			isa = PBXGroup;
			children = (
				8DCDADC21A0EE04900851A8E /* Info.plist */,
			);
			name = "Supporting Files";
			sourceTree = "<group>";
		};
		8DCFD84A1A0F08D500D60CED /* Model */ = {
			isa = PBXGroup;
			children = (
				8DCFD8471A0F08D100D60CED /* InstagramObject.h */,
				8DCFD8481A0F08D100D60CED /* InstagramObject.m */,
			);
			name = Model;
			sourceTree = "<group>";
		};
/* End PBXGroup section */

/* Begin PBXNativeTarget section */
		8DCDADA31A0EE04900851A8E /* PhotoFave */ = {
			isa = PBXNativeTarget;
			buildConfigurationList = 8DCDADC71A0EE04900851A8E /* Build configuration list for PBXNativeTarget "PhotoFave" */;
			buildPhases = (
				8DCDADA01A0EE04900851A8E /* Sources */,
				8DCDADA11A0EE04900851A8E /* Frameworks */,
				8DCDADA21A0EE04900851A8E /* Resources */,
			);
			buildRules = (
			);
			dependencies = (
			);
			name = PhotoFave;
			productName = InstaFave;
			productReference = 8DCDADA41A0EE04900851A8E /* PhotoFave.app */;
			productType = "com.apple.product-type.application";
		};
		8DCDADBC1A0EE04900851A8E /* PhotoFaveTests */ = {
			isa = PBXNativeTarget;
			buildConfigurationList = 8DCDADCA1A0EE04900851A8E /* Build configuration list for PBXNativeTarget "PhotoFaveTests" */;
			buildPhases = (
				8DCDADB91A0EE04900851A8E /* Sources */,
				8DCDADBA1A0EE04900851A8E /* Frameworks */,
				8DCDADBB1A0EE04900851A8E /* Resources */,
			);
			buildRules = (
			);
			dependencies = (
				8DCDADBF1A0EE04900851A8E /* PBXTargetDependency */,
			);
			name = PhotoFaveTests;
			productName = InstaFaveTests;
			productReference = 8DCDADBD1A0EE04900851A8E /* PhotoFaveTests.xctest */;
			productType = "com.apple.product-type.bundle.unit-test";
		};
/* End PBXNativeTarget section */

/* Begin PBXProject section */
		8DCDAD9C1A0EE04900851A8E /* Project object */ = {
			isa = PBXProject;
			attributes = {
				LastUpgradeCheck = 0610;
				ORGANIZATIONNAME = "Alex Hsu";
				TargetAttributes = {
					8DCDADA31A0EE04900851A8E = {
						CreatedOnToolsVersion = 6.1;
					};
					8DCDADBC1A0EE04900851A8E = {
						CreatedOnToolsVersion = 6.1;
						TestTargetID = 8DCDADA31A0EE04900851A8E;
					};
				};
			};
			buildConfigurationList = 8DCDAD9F1A0EE04900851A8E /* Build configuration list for PBXProject "PhotoFave" */;
			compatibilityVersion = "Xcode 3.2";
			developmentRegion = English;
			hasScannedForEncodings = 0;
			knownRegions = (
				en,
				Base,
			);
			mainGroup = 8DCDAD9B1A0EE04900851A8E;
			productRefGroup = 8DCDADA51A0EE04900851A8E /* Products */;
			projectDirPath = "";
			projectRoot = "";
			targets = (
				8DCDADA31A0EE04900851A8E /* PhotoFave */,
				8DCDADBC1A0EE04900851A8E /* PhotoFaveTests */,
			);
		};
/* End PBXProject section */

/* Begin PBXResourcesBuildPhase section */
		8DCDADA21A0EE04900851A8E /* Resources */ = {
			isa = PBXResourcesBuildPhase;
			buildActionMask = 2147483647;
			files = (
				8DCDADB31A0EE04900851A8E /* Main.storyboard in Resources */,
				8DCDADD41A0EEDE400851A8E /* Media.xcassets in Resources */,
				8DCDADB81A0EE04900851A8E /* LaunchScreen.xib in Resources */,
			);
			runOnlyForDeploymentPostprocessing = 0;
		};
		8DCDADBB1A0EE04900851A8E /* Resources */ = {
			isa = PBXResourcesBuildPhase;
			buildActionMask = 2147483647;
			files = (
			);
			runOnlyForDeploymentPostprocessing = 0;
		};
/* End PBXResourcesBuildPhase section */

/* Begin PBXSourcesBuildPhase section */
		8DCDADA01A0EE04900851A8E /* Sources */ = {
			isa = PBXSourcesBuildPhase;
			buildActionMask = 2147483647;
			files = (
				8DCDADB01A0EE04900851A8E /* FavoritesViewController.m in Sources */,
				8DCDADAD1A0EE04900851A8E /* AppDelegate.m in Sources */,
				8DCDADCF1A0EE2DC00851A8E /* SearchViewController.m in Sources */,
				8DCFD8491A0F08D100D60CED /* InstagramObject.m in Sources */,
				8DCFD84F1A104C0F00D60CED /* UserTableViewController.m in Sources */,
				8DCDADAA1A0EE04900851A8E /* main.m in Sources */,
				8DCDADD21A0EE5BC00851A8E /* CustomCollectionViewCell.m in Sources */,
			);
			runOnlyForDeploymentPostprocessing = 0;
		};
		8DCDADB91A0EE04900851A8E /* Sources */ = {
			isa = PBXSourcesBuildPhase;
			buildActionMask = 2147483647;
			files = (
				8DCDADC41A0EE04900851A8E /* PhotoFaveTests.m in Sources */,
			);
			runOnlyForDeploymentPostprocessing = 0;
		};
/* End PBXSourcesBuildPhase section */

/* Begin PBXTargetDependency section */
		8DCDADBF1A0EE04900851A8E /* PBXTargetDependency */ = {
			isa = PBXTargetDependency;
			target = 8DCDADA31A0EE04900851A8E /* PhotoFave */;
			targetProxy = 8DCDADBE1A0EE04900851A8E /* PBXContainerItemProxy */;
		};
/* End PBXTargetDependency section */

/* Begin PBXVariantGroup section */
		8DCDADB11A0EE04900851A8E /* Main.storyboard */ = {
			isa = PBXVariantGroup;
			children = (
				8DCDADB21A0EE04900851A8E /* Base */,
			);
			name = Main.storyboard;
			path = InstaFave;
			sourceTree = "<group>";
		};
		8DCDADB61A0EE04900851A8E /* LaunchScreen.xib */ = {
			isa = PBXVariantGroup;
			children = (
				8DCDADB71A0EE04900851A8E /* Base */,
			);
			name = LaunchScreen.xib;
			sourceTree = "<group>";
		};
/* End PBXVariantGroup section */

/* Begin XCBuildConfiguration section */
		8DCDADC51A0EE04900851A8E /* Debug */ = {
			isa = XCBuildConfiguration;
			buildSettings = {
				ALWAYS_SEARCH_USER_PATHS = NO;
				CLANG_CXX_LANGUAGE_STANDARD = "gnu++0x";
				CLANG_CXX_LIBRARY = "libc++";
				CLANG_ENABLE_MODULES = YES;
				CLANG_ENABLE_OBJC_ARC = YES;
				CLANG_WARN_BOOL_CONVERSION = YES;
				CLANG_WARN_CONSTANT_CONVERSION = YES;
				CLANG_WARN_DIRECT_OBJC_ISA_USAGE = YES_ERROR;
				CLANG_WARN_EMPTY_BODY = YES;
				CLANG_WARN_ENUM_CONVERSION = YES;
				CLANG_WARN_INT_CONVERSION = YES;
				CLANG_WARN_OBJC_ROOT_CLASS = YES_ERROR;
				CLANG_WARN_UNREACHABLE_CODE = YES;
				CLANG_WARN__DUPLICATE_METHOD_MATCH = YES;
				"CODE_SIGN_IDENTITY[sdk=iphoneos*]" = "iPhone Developer";
				COPY_PHASE_STRIP = NO;
				ENABLE_STRICT_OBJC_MSGSEND = YES;
				GCC_C_LANGUAGE_STANDARD = gnu99;
				GCC_DYNAMIC_NO_PIC = NO;
				GCC_OPTIMIZATION_LEVEL = 0;
				GCC_PREPROCESSOR_DEFINITIONS = (
					"DEBUG=1",
					"$(inherited)",
				);
				GCC_SYMBOLS_PRIVATE_EXTERN = NO;
				GCC_WARN_64_TO_32_BIT_CONVERSION = YES;
				GCC_WARN_ABOUT_RETURN_TYPE = YES_ERROR;
				GCC_WARN_UNDECLARED_SELECTOR = YES;
				GCC_WARN_UNINITIALIZED_AUTOS = YES_AGGRESSIVE;
				GCC_WARN_UNUSED_FUNCTION = YES;
				GCC_WARN_UNUSED_VARIABLE = YES;
				IPHONEOS_DEPLOYMENT_TARGET = 8.1;
				MTL_ENABLE_DEBUG_INFO = YES;
				ONLY_ACTIVE_ARCH = YES;
				SDKROOT = iphoneos;
			};
			name = Debug;
		};
		8DCDADC61A0EE04900851A8E /* Release */ = {
			isa = XCBuildConfiguration;
			buildSettings = {
				ALWAYS_SEARCH_USER_PATHS = NO;
				CLANG_CXX_LANGUAGE_STANDARD = "gnu++0x";
				CLANG_CXX_LIBRARY = "libc++";
				CLANG_ENABLE_MODULES = YES;
				CLANG_ENABLE_OBJC_ARC = YES;
				CLANG_WARN_BOOL_CONVERSION = YES;
				CLANG_WARN_CONSTANT_CONVERSION = YES;
				CLANG_WARN_DIRECT_OBJC_ISA_USAGE = YES_ERROR;
				CLANG_WARN_EMPTY_BODY = YES;
				CLANG_WARN_ENUM_CONVERSION = YES;
				CLANG_WARN_INT_CONVERSION = YES;
				CLANG_WARN_OBJC_ROOT_CLASS = YES_ERROR;
				CLANG_WARN_UNREACHABLE_CODE = YES;
				CLANG_WARN__DUPLICATE_METHOD_MATCH = YES;
				"CODE_SIGN_IDENTITY[sdk=iphoneos*]" = "iPhone Developer";
				COPY_PHASE_STRIP = YES;
				ENABLE_NS_ASSERTIONS = NO;
				ENABLE_STRICT_OBJC_MSGSEND = YES;
				GCC_C_LANGUAGE_STANDARD = gnu99;
				GCC_WARN_64_TO_32_BIT_CONVERSION = YES;
				GCC_WARN_ABOUT_RETURN_TYPE = YES_ERROR;
				GCC_WARN_UNDECLARED_SELECTOR = YES;
				GCC_WARN_UNINITIALIZED_AUTOS = YES_AGGRESSIVE;
				GCC_WARN_UNUSED_FUNCTION = YES;
				GCC_WARN_UNUSED_VARIABLE = YES;
				IPHONEOS_DEPLOYMENT_TARGET = 8.1;
				MTL_ENABLE_DEBUG_INFO = NO;
				SDKROOT = iphoneos;
				VALIDATE_PRODUCT = YES;
			};
			name = Release;
		};
		8DCDADC81A0EE04900851A8E /* Debug */ = {
			isa = XCBuildConfiguration;
			buildSettings = {
				ASSETCATALOG_COMPILER_APPICON_NAME = AppIcon;
				INFOPLIST_FILE = InstaFave/Info.plist;
				LD_RUNPATH_SEARCH_PATHS = "$(inherited) @executable_path/Frameworks";
				PRODUCT_NAME = PhotoFave;
			};
			name = Debug;
		};
		8DCDADC91A0EE04900851A8E /* Release */ = {
			isa = XCBuildConfiguration;
			buildSettings = {
				ASSETCATALOG_COMPILER_APPICON_NAME = AppIcon;
				INFOPLIST_FILE = InstaFave/Info.plist;
				LD_RUNPATH_SEARCH_PATHS = "$(inherited) @executable_path/Frameworks";
				PRODUCT_NAME = PhotoFave;
			};
			name = Release;
		};
		8DCDADCB1A0EE04900851A8E /* Debug */ = {
			isa = XCBuildConfiguration;
			buildSettings = {
				BUNDLE_LOADER = "$(TEST_HOST)";
				FRAMEWORK_SEARCH_PATHS = (
					"$(SDKROOT)/Developer/Library/Frameworks",
					"$(inherited)",
				);
				GCC_PREPROCESSOR_DEFINITIONS = (
					"DEBUG=1",
					"$(inherited)",
				);
				INFOPLIST_FILE = InstaFaveTests/Info.plist;
				LD_RUNPATH_SEARCH_PATHS = "$(inherited) @executable_path/Frameworks @loader_path/Frameworks";
				PRODUCT_NAME = PhotoFaveTests;
				TEST_HOST = "$(BUILT_PRODUCTS_DIR)/InstaFave.app/InstaFave";
			};
			name = Debug;
		};
		8DCDADCC1A0EE04900851A8E /* Release */ = {
			isa = XCBuildConfiguration;
			buildSettings = {
				BUNDLE_LOADER = "$(TEST_HOST)";
				FRAMEWORK_SEARCH_PATHS = (
					"$(SDKROOT)/Developer/Library/Frameworks",
					"$(inherited)",
				);
				INFOPLIST_FILE = InstaFaveTests/Info.plist;
				LD_RUNPATH_SEARCH_PATHS = "$(inherited) @executable_path/Frameworks @loader_path/Frameworks";
				PRODUCT_NAME = PhotoFaveTests;
				TEST_HOST = "$(BUILT_PRODUCTS_DIR)/InstaFave.app/InstaFave";
			};
			name = Release;
		};
/* End XCBuildConfiguration section */

/* Begin XCConfigurationList section */
		8DCDAD9F1A0EE04900851A8E /* Build configuration list for PBXProject "PhotoFave" */ = {
			isa = XCConfigurationList;
			buildConfigurations = (
				8DCDADC51A0EE04900851A8E /* Debug */,
				8DCDADC61A0EE04900851A8E /* Release */,
			);
			defaultConfigurationIsVisible = 0;
			defaultConfigurationName = Release;
		};
		8DCDADC71A0EE04900851A8E /* Build configuration list for PBXNativeTarget "PhotoFave" */ = {
			isa = XCConfigurationList;
			buildConfigurations = (
				8DCDADC81A0EE04900851A8E /* Debug */,
				8DCDADC91A0EE04900851A8E /* Release */,
			);
			defaultConfigurationIsVisible = 0;
			defaultConfigurationName = Release;
		};
		8DCDADCA1A0EE04900851A8E /* Build configuration list for PBXNativeTarget "PhotoFaveTests" */ = {
			isa = XCConfigurationList;
			buildConfigurations = (
				8DCDADCB1A0EE04900851A8E /* Debug */,
				8DCDADCC1A0EE04900851A8E /* Release */,
			);
			defaultConfigurationIsVisible = 0;
			defaultConfigurationName = Release;
		};
/* End XCConfigurationList section */
	};
	rootObject = 8DCDAD9C1A0EE04900851A8E /* Project object */;
}
